
Microsoft Visual Studio Solution File, Format Version 12.00
# Visual Studio Version 17
VisualStudioVersion = 17.0.32014.148
MinimumVisualStudioVersion = 10.0.40219.1
Project("{FAE04EC0-301F-11D3-BF4B-00C04F79EFBC}") = "BestBuyBestPractices", "BestBuyBestPractices\BestBuyBestPractices.csproj", "{404E6140-5DB7-492B-9BC1-615B5FACA8A7}"
EndProject
Global
	GlobalSection(SolutionConfigurationPlatforms) = preSolution
		Debug|Any CPU = Debug|Any CPU
		Release|Any CPU = Release|Any CPU
	EndGlobalSection
	GlobalSection(ProjectConfigurationPlatforms) = postSolution
		{404E6140-5DB7-492B-9BC1-615B5FACA8A7}.Debug|Any CPU.ActiveCfg = Debug|Any CPU
		{404E6140-5DB7-492B-9BC1-615B5FACA8A7}.Debug|Any CPU.Build.0 = Debug|Any CPU
		{404E6140-5DB7-492B-9BC1-615B5FACA8A7}.Release|Any CPU.ActiveCfg = Release|Any CPU
		{404E6140-5DB7-492B-9BC1-615B5FACA8A7}.Release|Any CPU.Build.0 = Release|Any CPU
	EndGlobalSection
	GlobalSection(SolutionProperties) = preSolution
		HideSolutionNode = FALSE
	EndGlobalSection
	GlobalSection(ExtensibilityGlobals) = postSolution
		SolutionGuid = {3A5A76D4-34FB-4759-9637-2A19715B9191}
	EndGlobalSection
EndGlobal
